
Microsoft Visual Studio Solution File, Format Version 12.00
# Visual Studio Version 17
VisualStudioVersion = 17.13.35931.197
MinimumVisualStudioVersion = 10.0.40219.1
Project("{FAE04EC0-301F-11D3-BF4B-00C04F79EFBC}") = "FreelancePlatform", "FreelancePlatform\FreelancePlatform.csproj", "{D312B68A-C590-4879-B468-299A871FEFE7}"
EndProject
Global
	GlobalSection(SolutionConfigurationPlatforms) = preSolution
		Debug|Any CPU = Debug|Any CPU
		Release|Any CPU = Release|Any CPU
	EndGlobalSection
	GlobalSection(ProjectConfigurationPlatforms) = postSolution
		{D312B68A-C590-4879-B468-299A871FEFE7}.Debug|Any CPU.ActiveCfg = Debug|Any CPU
		{D312B68A-C590-4879-B468-299A871FEFE7}.Debug|Any CPU.Build.0 = Debug|Any CPU
		{D312B68A-C590-4879-B468-299A871FEFE7}.Release|Any CPU.ActiveCfg = Release|Any CPU
		{D312B68A-C590-4879-B468-299A871FEFE7}.Release|Any CPU.Build.0 = Release|Any CPU
	EndGlobalSection
	GlobalSection(SolutionProperties) = preSolution
		HideSolutionNode = FALSE
	EndGlobalSection
	GlobalSection(ExtensibilityGlobals) = postSolution
		SolutionGuid = {FA1F0ED2-643B-4DF0-ADE1-7AC775C4EF55}
	EndGlobalSection
EndGlobal
